// !$*UTF8*$!
{
	archiveVersion = 1;
	classes = {
	};
	objectVersion = 77;
	objects = {

/* Begin PBXBuildFile section */
		2B7546C3C86EE2B443163FA9 /* Config.swift in Sources */ = {isa = PBXBuildFile; fileRef = 91EF3CE9DBDD781DB49C9328 /* Config.swift */; };
		38B0198D9EDA70826F61A249 /* TOMLDecoder in Frameworks */ = {isa = PBXBuildFile; productRef = 6099439A4DF69D31BDC98415 /* TOMLDecoder */; };
		50D5E87CA3C72F39699F7F68 /* MoltNotchApp.swift in Sources */ = {isa = PBXBuildFile; fileRef = 04FEC33292E537608CD44AB7 /* MoltNotchApp.swift */; };
		563F32FB1E1DBE93A82C42A8 /* GatewayModelsTests.swift in Sources */ = {isa = PBXBuildFile; fileRef = C5828D5AF81C4864550E16A1 /* GatewayModelsTests.swift */; };
		7572E8F460B8832D89F682BF /* ChatSessionTests.swift in Sources */ = {isa = PBXBuildFile; fileRef = 81E0A57394A9C7BD47C5DC52 /* ChatSessionTests.swift */; };
		826CE152E97E8419BFC6D3DB /* Assets.xcassets in Resources */ = {isa = PBXBuildFile; fileRef = 3F3CE2F597FD889EEBF107E4 /* Assets.xcassets */; };
		870A6B4A30EFEF5413C17B1D /* TOMLDecoder in Frameworks */ = {isa = PBXBuildFile; productRef = 713DE35B45CC917F8398A06C /* TOMLDecoder */; };
		B1D817BA53ACDE5E5CF01C43 /* HotKey in Frameworks */ = {isa = PBXBuildFile; productRef = D7879C7F08755EA0D8EF593C /* HotKey */; };
		B82FB6520A1EF136568C2CFA /* ChatSession.swift in Sources */ = {isa = PBXBuildFile; fileRef = 447A36FCAC8C655FF9B42D4F /* ChatSession.swift */; };
		C99B11715B8BC011468C2EC4 /* GatewayModels.swift in Sources */ = {isa = PBXBuildFile; fileRef = 980EBA470207DF400637DC0A /* GatewayModels.swift */; };
		CEA813AAA8EBFB4A03DDDA7A /* Constants.swift in Sources */ = {isa = PBXBuildFile; fileRef = 06F4CE2346B2CB247791D952 /* Constants.swift */; };
		D20AE065521268C96780B2F0 /* AppDelegate.swift in Sources */ = {isa = PBXBuildFile; fileRef = B98A9F1D5F962C82BC089B1B /* AppDelegate.swift */; };
		D2916BA7771A8BA61FF5E6E8 /* main.swift in Sources */ = {isa = PBXBuildFile; fileRef = 8D0B17292D8AD61F9EC5F2AA /* main.swift */; };
		DF271389B747D3C6C31F50AE /* MarkdownUI in Frameworks */ = {isa = PBXBuildFile; productRef = A2E51277E00F3033DA22356A /* MarkdownUI */; };
		FA8713E000B85782DA8CDE64 /* ConfigTests.swift in Sources */ = {isa = PBXBuildFile; fileRef = 2475A96269E86A6FBA21E50E /* ConfigTests.swift */; };
/* End PBXBuildFile section */

/* Begin PBXContainerItemProxy section */
		3E07C322F3B10C62239D305B /* PBXContainerItemProxy */ = {
			isa = PBXContainerItemProxy;
			containerPortal = DBA3154E51E3A47D319FD2C9 /* Project object */;
			proxyType = 1;
			remoteGlobalIDString = 55DA5D46FC67544D74251FB3;
			remoteInfo = MoltNotch;
		};
/* End PBXContainerItemProxy section */

/* Begin PBXFileReference section */
		04FEC33292E537608CD44AB7 /* MoltNotchApp.swift */ = {isa = PBXFileReference; lastKnownFileType = sourcecode.swift; path = MoltNotchApp.swift; sourceTree = "<group>"; };
		06F4CE2346B2CB247791D952 /* Constants.swift */ = {isa = PBXFileReference; lastKnownFileType = sourcecode.swift; path = Constants.swift; sourceTree = "<group>"; };
		2475A96269E86A6FBA21E50E /* ConfigTests.swift */ = {isa = PBXFileReference; lastKnownFileType = sourcecode.swift; path = ConfigTests.swift; sourceTree = "<group>"; };
		3F3CE2F597FD889EEBF107E4 /* Assets.xcassets */ = {isa = PBXFileReference; lastKnownFileType = folder.assetcatalog; path = Assets.xcassets; sourceTree = "<group>"; };
		447A36FCAC8C655FF9B42D4F /* ChatSession.swift */ = {isa = PBXFileReference; lastKnownFileType = sourcecode.swift; path = ChatSession.swift; sourceTree = "<group>"; };
		723BF5F872AF05D22B352B6D /* MoltNotchTests.xctest */ = {isa = PBXFileReference; explicitFileType = wrapper.cfbundle; includeInIndex = 0; path = MoltNotchTests.xctest; sourceTree = BUILT_PRODUCTS_DIR; };
		81E0A57394A9C7BD47C5DC52 /* ChatSessionTests.swift */ = {isa = PBXFileReference; lastKnownFileType = sourcecode.swift; path = ChatSessionTests.swift; sourceTree = "<group>"; };
		85A4368FF7D44F160BC5AB2A /* MoltNotchCLI */ = {isa = PBXFileReference; includeInIndex = 0; path = MoltNotchCLI; sourceTree = BUILT_PRODUCTS_DIR; };
		8D0B17292D8AD61F9EC5F2AA /* main.swift */ = {isa = PBXFileReference; lastKnownFileType = sourcecode.swift; path = main.swift; sourceTree = "<group>"; };
		91EF3CE9DBDD781DB49C9328 /* Config.swift */ = {isa = PBXFileReference; lastKnownFileType = sourcecode.swift; path = Config.swift; sourceTree = "<group>"; };
		980EBA470207DF400637DC0A /* GatewayModels.swift */ = {isa = PBXFileReference; lastKnownFileType = sourcecode.swift; path = GatewayModels.swift; sourceTree = "<group>"; };
		B98A9F1D5F962C82BC089B1B /* AppDelegate.swift */ = {isa = PBXFileReference; lastKnownFileType = sourcecode.swift; path = AppDelegate.swift; sourceTree = "<group>"; };
		C5828D5AF81C4864550E16A1 /* GatewayModelsTests.swift */ = {isa = PBXFileReference; lastKnownFileType = sourcecode.swift; path = GatewayModelsTests.swift; sourceTree = "<group>"; };
		CFAF45FC407CF1574AD68CED /* MoltNotch.app */ = {isa = PBXFileReference; explicitFileType = wrapper.application; includeInIndex = 0; path = MoltNotch.app; sourceTree = BUILT_PRODUCTS_DIR; };
		E0DEFF41424ABFDDD6BCCF40 /* Info.plist */ = {isa = PBXFileReference; lastKnownFileType = text.plist; path = Info.plist; sourceTree = "<group>"; };
/* End PBXFileReference section */

/* Begin PBXFrameworksBuildPhase section */
		525F39300F4777A64D571DD5 /* Frameworks */ = {
			isa = PBXFrameworksBuildPhase;
			buildActionMask = 2147483647;
			files = (
				38B0198D9EDA70826F61A249 /* TOMLDecoder in Frameworks */,
			);
			runOnlyForDeploymentPostprocessing = 0;
		};
		A49653BA926264A90325396C /* Frameworks */ = {
			isa = PBXFrameworksBuildPhase;
			buildActionMask = 2147483647;
			files = (
				B1D817BA53ACDE5E5CF01C43 /* HotKey in Frameworks */,
				DF271389B747D3C6C31F50AE /* MarkdownUI in Frameworks */,
				870A6B4A30EFEF5413C17B1D /* TOMLDecoder in Frameworks */,
			);
			runOnlyForDeploymentPostprocessing = 0;
		};
/* End PBXFrameworksBuildPhase section */

/* Begin PBXGroup section */
		049EBCCFE24A368B4DF79A13 = {
			isa = PBXGroup;
			children = (
				F3EA70BC043737CA3567CCFD /* MoltNotch */,
				77C4FAEF1A1F011C2692C0E8 /* MoltNotchCLI */,
				5DEAF8E2F59BE1CF9827EA4D /* MoltNotchTests */,
				DCCAECCB738CD913B045C5D0 /* Products */,
			);
			sourceTree = "<group>";
		};
		1D98559F8DFB20317B6AFC6E /* App */ = {
			isa = PBXGroup;
			children = (
				B98A9F1D5F962C82BC089B1B /* AppDelegate.swift */,
				04FEC33292E537608CD44AB7 /* MoltNotchApp.swift */,
			);
			path = App;
			sourceTree = "<group>";
		};
		246827286F7CF7B428052C13 /* Models */ = {
			isa = PBXGroup;
			children = (
				447A36FCAC8C655FF9B42D4F /* ChatSession.swift */,
				91EF3CE9DBDD781DB49C9328 /* Config.swift */,
				06F4CE2346B2CB247791D952 /* Constants.swift */,
				980EBA470207DF400637DC0A /* GatewayModels.swift */,
			);
			path = Models;
			sourceTree = "<group>";
		};
		4588E947D9D1E8E8CB3E143D /* Resources */ = {
			isa = PBXGroup;
			children = (
				3F3CE2F597FD889EEBF107E4 /* Assets.xcassets */,
			);
			path = Resources;
			sourceTree = "<group>";
		};
		5DEAF8E2F59BE1CF9827EA4D /* MoltNotchTests */ = {
			isa = PBXGroup;
			children = (
				81E0A57394A9C7BD47C5DC52 /* ChatSessionTests.swift */,
				2475A96269E86A6FBA21E50E /* ConfigTests.swift */,
				C5828D5AF81C4864550E16A1 /* GatewayModelsTests.swift */,
			);
			path = MoltNotchTests;
			sourceTree = "<group>";
		};
		6A5756EDA3A06DFB5F788248 /* UI */ = {
			isa = PBXGroup;
			children = (
			);
			path = UI;
			sourceTree = "<group>";
		};
		77C4FAEF1A1F011C2692C0E8 /* MoltNotchCLI */ = {
			isa = PBXGroup;
			children = (
				8D0B17292D8AD61F9EC5F2AA /* main.swift */,
			);
			path = MoltNotchCLI;
			sourceTree = "<group>";
		};
		DCCAECCB738CD913B045C5D0 /* Products */ = {
			isa = PBXGroup;
			children = (
				CFAF45FC407CF1574AD68CED /* MoltNotch.app */,
				85A4368FF7D44F160BC5AB2A /* MoltNotchCLI */,
				723BF5F872AF05D22B352B6D /* MoltNotchTests.xctest */,
			);
			name = Products;
			sourceTree = "<group>";
		};
		F3EA70BC043737CA3567CCFD /* MoltNotch */ = {
			isa = PBXGroup;
			children = (
				E0DEFF41424ABFDDD6BCCF40 /* Info.plist */,
				1D98559F8DFB20317B6AFC6E /* App */,
				246827286F7CF7B428052C13 /* Models */,
				4588E947D9D1E8E8CB3E143D /* Resources */,
				6A5756EDA3A06DFB5F788248 /* UI */,
			);
			path = MoltNotch;
			sourceTree = "<group>";
		};
/* End PBXGroup section */

/* Begin PBXNativeTarget section */
		404120B20B6C09D1F514B112 /* MoltNotchTests */ = {
			isa = PBXNativeTarget;
			buildConfigurationList = 81A4F5C57E2C4C6241536304 /* Build configuration list for PBXNativeTarget "MoltNotchTests" */;
			buildPhases = (
				988AB946861A77939FC050F7 /* Sources */,
			);
			buildRules = (
			);
			dependencies = (
				3C8BF1013FB9DE3B1FFF2923 /* PBXTargetDependency */,
			);
			name = MoltNotchTests;
			packageProductDependencies = (
			);
			productName = MoltNotchTests;
			productReference = 723BF5F872AF05D22B352B6D /* MoltNotchTests.xctest */;
			productType = "com.apple.product-type.bundle.unit-test";
		};
		55DA5D46FC67544D74251FB3 /* MoltNotch */ = {
			isa = PBXNativeTarget;
			buildConfigurationList = 59A072C5CD93747FBD927B6A /* Build configuration list for PBXNativeTarget "MoltNotch" */;
			buildPhases = (
				140275E3F5EBBA015F410844 /* Sources */,
				C01B2873CC42154F6DCA7153 /* Resources */,
				A49653BA926264A90325396C /* Frameworks */,
			);
			buildRules = (
			);
			dependencies = (
			);
			name = MoltNotch;
			packageProductDependencies = (
				D7879C7F08755EA0D8EF593C /* HotKey */,
				A2E51277E00F3033DA22356A /* MarkdownUI */,
				713DE35B45CC917F8398A06C /* TOMLDecoder */,
			);
			productName = MoltNotch;
			productReference = CFAF45FC407CF1574AD68CED /* MoltNotch.app */;
			productType = "com.apple.product-type.application";
		};
		95D0FCE4E09E0F4CC97221FC /* MoltNotchCLI */ = {
			isa = PBXNativeTarget;
			buildConfigurationList = EFC4D98CAA13338FE25ACCBE /* Build configuration list for PBXNativeTarget "MoltNotchCLI" */;
			buildPhases = (
				4501D386ED3D865EF1D76BB3 /* Sources */,
				525F39300F4777A64D571DD5 /* Frameworks */,
			);
			buildRules = (
			);
			dependencies = (
			);
			name = MoltNotchCLI;
			packageProductDependencies = (
				6099439A4DF69D31BDC98415 /* TOMLDecoder */,
			);
			productName = MoltNotchCLI;
			productReference = 85A4368FF7D44F160BC5AB2A /* MoltNotchCLI */;
			productType = "com.apple.product-type.tool";
		};
/* End PBXNativeTarget section */

/* Begin PBXProject section */
		DBA3154E51E3A47D319FD2C9 /* Project object */ = {
			isa = PBXProject;
			attributes = {
				BuildIndependentTargetsInParallel = YES;
				LastUpgradeCheck = 2600;
			};
			buildConfigurationList = 952A8CAD1A81AAB821137944 /* Build configuration list for PBXProject "MoltNotch" */;
			compatibilityVersion = "Xcode 14.0";
			developmentRegion = en;
			hasScannedForEncodings = 0;
			knownRegions = (
				Base,
				en,
			);
			mainGroup = 049EBCCFE24A368B4DF79A13;
			minimizedProjectReferenceProxies = 1;
			packageReferences = (
				2E1AFAAD40D2A8AA1DE220B3 /* XCRemoteSwiftPackageReference "HotKey" */,
				A037E0E7745CB09A0DF5BF3A /* XCRemoteSwiftPackageReference "swift-markdown-ui" */,
				3B109D82A6BD2E4136F7E416 /* XCRemoteSwiftPackageReference "TOMLDecoder" */,
			);
			preferredProjectObjectVersion = 77;
			projectDirPath = "";
			projectRoot = "";
			targets = (
				55DA5D46FC67544D74251FB3 /* MoltNotch */,
				95D0FCE4E09E0F4CC97221FC /* MoltNotchCLI */,
				404120B20B6C09D1F514B112 /* MoltNotchTests */,
			);
		};
/* End PBXProject section */

/* Begin PBXResourcesBuildPhase section */
		C01B2873CC42154F6DCA7153 /* Resources */ = {
			isa = PBXResourcesBuildPhase;
			buildActionMask = 2147483647;
			files = (
				826CE152E97E8419BFC6D3DB /* Assets.xcassets in Resources */,
			);
			runOnlyForDeploymentPostprocessing = 0;
		};
/* End PBXResourcesBuildPhase section */

/* Begin PBXSourcesBuildPhase section */
		140275E3F5EBBA015F410844 /* Sources */ = {
			isa = PBXSourcesBuildPhase;
			buildActionMask = 2147483647;
			files = (
				D20AE065521268C96780B2F0 /* AppDelegate.swift in Sources */,
				B82FB6520A1EF136568C2CFA /* ChatSession.swift in Sources */,
				2B7546C3C86EE2B443163FA9 /* Config.swift in Sources */,
				CEA813AAA8EBFB4A03DDDA7A /* Constants.swift in Sources */,
				C99B11715B8BC011468C2EC4 /* GatewayModels.swift in Sources */,
				50D5E87CA3C72F39699F7F68 /* MoltNotchApp.swift in Sources */,
			);
			runOnlyForDeploymentPostprocessing = 0;
		};
		4501D386ED3D865EF1D76BB3 /* Sources */ = {
			isa = PBXSourcesBuildPhase;
			buildActionMask = 2147483647;
			files = (
				D2916BA7771A8BA61FF5E6E8 /* main.swift in Sources */,
			);
			runOnlyForDeploymentPostprocessing = 0;
		};
		988AB946861A77939FC050F7 /* Sources */ = {
			isa = PBXSourcesBuildPhase;
			buildActionMask = 2147483647;
			files = (
				7572E8F460B8832D89F682BF /* ChatSessionTests.swift in Sources */,
				FA8713E000B85782DA8CDE64 /* ConfigTests.swift in Sources */,
				563F32FB1E1DBE93A82C42A8 /* GatewayModelsTests.swift in Sources */,
			);
			runOnlyForDeploymentPostprocessing = 0;
		};
/* End PBXSourcesBuildPhase section */

/* Begin PBXTargetDependency section */
		3C8BF1013FB9DE3B1FFF2923 /* PBXTargetDependency */ = {
			isa = PBXTargetDependency;
			target = 55DA5D46FC67544D74251FB3 /* MoltNotch */;
			targetProxy = 3E07C322F3B10C62239D305B /* PBXContainerItemProxy */;
		};
/* End PBXTargetDependency section */

/* Begin XCBuildConfiguration section */
		202553AC24D56E1269C5BE5B /* Release */ = {
			isa = XCBuildConfiguration;
			buildSettings = {
				COMBINE_HIDPI_IMAGES = YES;
				LD_RUNPATH_SEARCH_PATHS = (
					"$(inherited)",
					"@executable_path/../Frameworks",
				);
				PRODUCT_BUNDLE_IDENTIFIER = com.moltbot.MoltNotchCLI;
				PRODUCT_NAME = moltnotch;
				SDKROOT = macosx;
			};
			name = Release;
		};
		5133A17ECBC7841513832CC7 /* Release */ = {
			isa = XCBuildConfiguration;
			buildSettings = {
				BUNDLE_LOADER = "$(TEST_HOST)";
				COMBINE_HIDPI_IMAGES = YES;
				GENERATE_INFOPLIST_FILE = YES;
				LD_RUNPATH_SEARCH_PATHS = (
					"$(inherited)",
					"@executable_path/../Frameworks",
					"@loader_path/../Frameworks",
				);
				PRODUCT_BUNDLE_IDENTIFIER = com.moltbot.MoltNotchTests;
				PRODUCT_NAME = MoltNotchTests;
				SDKROOT = macosx;
				TEST_HOST = "$(BUILT_PRODUCTS_DIR)/MoltNotch.app/Contents/MacOS/MoltNotch";
			};
			name = Release;
		};
		52D438D44D7207AD5FA12D62 /* Release */ = {
			isa = XCBuildConfiguration;
			buildSettings = {
				ASSETCATALOG_COMPILER_APPICON_NAME = AppIcon;
				CODE_SIGN_ENTITLEMENTS = "";
				COMBINE_HIDPI_IMAGES = YES;
				ENABLE_APP_SANDBOX = NO;
				INFOPLIST_FILE = MoltNotch/Info.plist;
				INFOPLIST_KEY_LSUIElement = YES;
				LD_RUNPATH_SEARCH_PATHS = (
					"$(inherited)",
					"@executable_path/../Frameworks",
				);
				PRODUCT_BUNDLE_IDENTIFIER = com.moltbot.MoltNotch;
				PRODUCT_NAME = MoltNotch;
				SDKROOT = macosx;
			};
			name = Release;
		};
		7DB90A3DD186ED5DC81A8EC4 /* Release */ = {
			isa = XCBuildConfiguration;
			buildSettings = {
				ALWAYS_SEARCH_USER_PATHS = NO;
				CLANG_ANALYZER_NONNULL = YES;
				CLANG_ANALYZER_NUMBER_OBJECT_CONVERSION = YES_AGGRESSIVE;
				CLANG_CXX_LANGUAGE_STANDARD = "gnu++14";
				CLANG_CXX_LIBRARY = "libc++";
				CLANG_ENABLE_MODULES = YES;
				CLANG_ENABLE_OBJC_ARC = YES;
				CLANG_ENABLE_OBJC_WEAK = YES;
				CLANG_WARN_BLOCK_CAPTURE_AUTORELEASING = YES;
				CLANG_WARN_BOOL_CONVERSION = YES;
				CLANG_WARN_COMMA = YES;
				CLANG_WARN_CONSTANT_CONVERSION = YES;
				CLANG_WARN_DEPRECATED_OBJC_IMPLEMENTATIONS = YES;
				CLANG_WARN_DIRECT_OBJC_ISA_USAGE = YES_ERROR;
				CLANG_WARN_DOCUMENTATION_COMMENTS = YES;
				CLANG_WARN_EMPTY_BODY = YES;
				CLANG_WARN_ENUM_CONVERSION = YES;
				CLANG_WARN_INFINITE_RECURSION = YES;
				CLANG_WARN_INT_CONVERSION = YES;
				CLANG_WARN_NON_LITERAL_NULL_CONVERSION = YES;
				CLANG_WARN_OBJC_IMPLICIT_RETAIN_SELF = YES;
				CLANG_WARN_OBJC_LITERAL_CONVERSION = YES;
				CLANG_WARN_OBJC_ROOT_CLASS = YES_ERROR;
				CLANG_WARN_QUOTED_INCLUDE_IN_FRAMEWORK_HEADER = YES;
				CLANG_WARN_RANGE_LOOP_ANALYSIS = YES;
				CLANG_WARN_STRICT_PROTOTYPES = YES;
				CLANG_WARN_SUSPICIOUS_MOVE = YES;
				CLANG_WARN_UNGUARDED_AVAILABILITY = YES_AGGRESSIVE;
				CLANG_WARN_UNREACHABLE_CODE = YES;
				CLANG_WARN__DUPLICATE_METHOD_MATCH = YES;
				COPY_PHASE_STRIP = NO;
				DEBUG_INFORMATION_FORMAT = "dwarf-with-dsym";
				ENABLE_HARDENED_RUNTIME = YES;
				ENABLE_NS_ASSERTIONS = NO;
				ENABLE_STRICT_OBJC_MSGSEND = YES;
				GCC_C_LANGUAGE_STANDARD = gnu11;
				GCC_NO_COMMON_BLOCKS = YES;
				GCC_WARN_64_TO_32_BIT_CONVERSION = YES;
				GCC_WARN_ABOUT_RETURN_TYPE = YES_ERROR;
				GCC_WARN_UNDECLARED_SELECTOR = YES;
				GCC_WARN_UNINITIALIZED_AUTOS = YES_AGGRESSIVE;
				GCC_WARN_UNUSED_FUNCTION = YES;
				GCC_WARN_UNUSED_VARIABLE = YES;
				MACOSX_DEPLOYMENT_TARGET = 14.0;
				MTL_ENABLE_DEBUG_INFO = NO;
				MTL_FAST_MATH = YES;
				PRODUCT_NAME = "$(TARGET_NAME)";
				SDKROOT = macosx;
				SWIFT_COMPILATION_MODE = wholemodule;
				SWIFT_OPTIMIZATION_LEVEL = "-O";
				SWIFT_VERSION = 5.0;
			};
			name = Release;
		};
		B5A60720940DC7ABF5870224 /* Debug */ = {
			isa = XCBuildConfiguration;
			buildSettings = {
				ALWAYS_SEARCH_USER_PATHS = NO;
				CLANG_ANALYZER_NONNULL = YES;
				CLANG_ANALYZER_NUMBER_OBJECT_CONVERSION = YES_AGGRESSIVE;
				CLANG_CXX_LANGUAGE_STANDARD = "gnu++14";
				CLANG_CXX_LIBRARY = "libc++";
				CLANG_ENABLE_MODULES = YES;
				CLANG_ENABLE_OBJC_ARC = YES;
				CLANG_ENABLE_OBJC_WEAK = YES;
				CLANG_WARN_BLOCK_CAPTURE_AUTORELEASING = YES;
				CLANG_WARN_BOOL_CONVERSION = YES;
				CLANG_WARN_COMMA = YES;
				CLANG_WARN_CONSTANT_CONVERSION = YES;
				CLANG_WARN_DEPRECATED_OBJC_IMPLEMENTATIONS = YES;
				CLANG_WARN_DIRECT_OBJC_ISA_USAGE = YES_ERROR;
				CLANG_WARN_DOCUMENTATION_COMMENTS = YES;
				CLANG_WARN_EMPTY_BODY = YES;
				CLANG_WARN_ENUM_CONVERSION = YES;
				CLANG_WARN_INFINITE_RECURSION = YES;
				CLANG_WARN_INT_CONVERSION = YES;
				CLANG_WARN_NON_LITERAL_NULL_CONVERSION = YES;
				CLANG_WARN_OBJC_IMPLICIT_RETAIN_SELF = YES;
				CLANG_WARN_OBJC_LITERAL_CONVERSION = YES;
				CLANG_WARN_OBJC_ROOT_CLASS = YES_ERROR;
				CLANG_WARN_QUOTED_INCLUDE_IN_FRAMEWORK_HEADER = YES;
				CLANG_WARN_RANGE_LOOP_ANALYSIS = YES;
				CLANG_WARN_STRICT_PROTOTYPES = YES;
				CLANG_WARN_SUSPICIOUS_MOVE = YES;
				CLANG_WARN_UNGUARDED_AVAILABILITY = YES_AGGRESSIVE;
				CLANG_WARN_UNREACHABLE_CODE = YES;
				CLANG_WARN__DUPLICATE_METHOD_MATCH = YES;
				COPY_PHASE_STRIP = NO;
				DEBUG_INFORMATION_FORMAT = dwarf;
				ENABLE_HARDENED_RUNTIME = YES;
				ENABLE_STRICT_OBJC_MSGSEND = YES;
				ENABLE_TESTABILITY = YES;
				GCC_C_LANGUAGE_STANDARD = gnu11;
				GCC_DYNAMIC_NO_PIC = NO;
				GCC_NO_COMMON_BLOCKS = YES;
				GCC_OPTIMIZATION_LEVEL = 0;
				GCC_PREPROCESSOR_DEFINITIONS = (
					"$(inherited)",
					"DEBUG=1",
				);
				GCC_WARN_64_TO_32_BIT_CONVERSION = YES;
				GCC_WARN_ABOUT_RETURN_TYPE = YES_ERROR;
				GCC_WARN_UNDECLARED_SELECTOR = YES;
				GCC_WARN_UNINITIALIZED_AUTOS = YES_AGGRESSIVE;
				GCC_WARN_UNUSED_FUNCTION = YES;
				GCC_WARN_UNUSED_VARIABLE = YES;
				MACOSX_DEPLOYMENT_TARGET = 14.0;
				MTL_ENABLE_DEBUG_INFO = INCLUDE_SOURCE;
				MTL_FAST_MATH = YES;
				ONLY_ACTIVE_ARCH = YES;
				PRODUCT_NAME = "$(TARGET_NAME)";
				SDKROOT = macosx;
				SWIFT_ACTIVE_COMPILATION_CONDITIONS = DEBUG;
				SWIFT_OPTIMIZATION_LEVEL = "-Onone";
				SWIFT_VERSION = 5.0;
			};
			name = Debug;
		};
		CB9F762D2E283B0B11B466B9 /* Debug */ = {
			isa = XCBuildConfiguration;
			buildSettings = {
				BUNDLE_LOADER = "$(TEST_HOST)";
				COMBINE_HIDPI_IMAGES = YES;
				GENERATE_INFOPLIST_FILE = YES;
				LD_RUNPATH_SEARCH_PATHS = (
					"$(inherited)",
					"@executable_path/../Frameworks",
					"@loader_path/../Frameworks",
				);
				PRODUCT_BUNDLE_IDENTIFIER = com.moltbot.MoltNotchTests;
				PRODUCT_NAME = MoltNotchTests;
				SDKROOT = macosx;
				TEST_HOST = "$(BUILT_PRODUCTS_DIR)/MoltNotch.app/Contents/MacOS/MoltNotch";
			};
			name = Debug;
		};
		DBBE3089F6EA5A7BAFAF6DCC /* Debug */ = {
			isa = XCBuildConfiguration;
			buildSettings = {
				ASSETCATALOG_COMPILER_APPICON_NAME = AppIcon;
				CODE_SIGN_ENTITLEMENTS = "";
				COMBINE_HIDPI_IMAGES = YES;
				ENABLE_APP_SANDBOX = NO;
				INFOPLIST_FILE = MoltNotch/Info.plist;
				INFOPLIST_KEY_LSUIElement = YES;
				LD_RUNPATH_SEARCH_PATHS = (
					"$(inherited)",
					"@executable_path/../Frameworks",
				);
				PRODUCT_BUNDLE_IDENTIFIER = com.moltbot.MoltNotch;
				PRODUCT_NAME = MoltNotch;
				SDKROOT = macosx;
			};
			name = Debug;
		};
		FC54CBDF130B8323C112EB67 /* Debug */ = {
			isa = XCBuildConfiguration;
			buildSettings = {
				COMBINE_HIDPI_IMAGES = YES;
				LD_RUNPATH_SEARCH_PATHS = (
					"$(inherited)",
					"@executable_path/../Frameworks",
				);
				PRODUCT_BUNDLE_IDENTIFIER = com.moltbot.MoltNotchCLI;
				PRODUCT_NAME = moltnotch;
				SDKROOT = macosx;
			};
			name = Debug;
		};
/* End XCBuildConfiguration section */

/* Begin XCConfigurationList section */
		59A072C5CD93747FBD927B6A /* Build configuration list for PBXNativeTarget "MoltNotch" */ = {
			isa = XCConfigurationList;
			buildConfigurations = (
				DBBE3089F6EA5A7BAFAF6DCC /* Debug */,
				52D438D44D7207AD5FA12D62 /* Release */,
			);
			defaultConfigurationIsVisible = 0;
			defaultConfigurationName = Debug;
		};
		81A4F5C57E2C4C6241536304 /* Build configuration list for PBXNativeTarget "MoltNotchTests" */ = {
			isa = XCConfigurationList;
			buildConfigurations = (
				CB9F762D2E283B0B11B466B9 /* Debug */,
				5133A17ECBC7841513832CC7 /* Release */,
			);
			defaultConfigurationIsVisible = 0;
			defaultConfigurationName = Debug;
		};
		952A8CAD1A81AAB821137944 /* Build configuration list for PBXProject "MoltNotch" */ = {
			isa = XCConfigurationList;
			buildConfigurations = (
				B5A60720940DC7ABF5870224 /* Debug */,
				7DB90A3DD186ED5DC81A8EC4 /* Release */,
			);
			defaultConfigurationIsVisible = 0;
			defaultConfigurationName = Debug;
		};
		EFC4D98CAA13338FE25ACCBE /* Build configuration list for PBXNativeTarget "MoltNotchCLI" */ = {
			isa = XCConfigurationList;
			buildConfigurations = (
				FC54CBDF130B8323C112EB67 /* Debug */,
				202553AC24D56E1269C5BE5B /* Release */,
			);
			defaultConfigurationIsVisible = 0;
			defaultConfigurationName = Debug;
		};
/* End XCConfigurationList section */

/* Begin XCRemoteSwiftPackageReference section */
		2E1AFAAD40D2A8AA1DE220B3 /* XCRemoteSwiftPackageReference "HotKey" */ = {
			isa = XCRemoteSwiftPackageReference;
			repositoryURL = "https://github.com/soffes/HotKey";
			requirement = {
				kind = upToNextMajorVersion;
				minimumVersion = 0.2.1;
			};
		};
		3B109D82A6BD2E4136F7E416 /* XCRemoteSwiftPackageReference "TOMLDecoder" */ = {
			isa = XCRemoteSwiftPackageReference;
			repositoryURL = "https://github.com/dduan/TOMLDecoder";
			requirement = {
				kind = upToNextMajorVersion;
				minimumVersion = 0.2.2;
			};
		};
		A037E0E7745CB09A0DF5BF3A /* XCRemoteSwiftPackageReference "swift-markdown-ui" */ = {
			isa = XCRemoteSwiftPackageReference;
			repositoryURL = "https://github.com/gonzalezreal/swift-markdown-ui";
			requirement = {
				kind = upToNextMajorVersion;
				minimumVersion = 2.0.0;
			};
		};
/* End XCRemoteSwiftPackageReference section */

/* Begin XCSwiftPackageProductDependency section */
		6099439A4DF69D31BDC98415 /* TOMLDecoder */ = {
			isa = XCSwiftPackageProductDependency;
			package = 3B109D82A6BD2E4136F7E416 /* XCRemoteSwiftPackageReference "TOMLDecoder" */;
			productName = TOMLDecoder;
		};
		713DE35B45CC917F8398A06C /* TOMLDecoder */ = {
			isa = XCSwiftPackageProductDependency;
			package = 3B109D82A6BD2E4136F7E416 /* XCRemoteSwiftPackageReference "TOMLDecoder" */;
			productName = TOMLDecoder;
		};
		A2E51277E00F3033DA22356A /* MarkdownUI */ = {
			isa = XCSwiftPackageProductDependency;
			package = A037E0E7745CB09A0DF5BF3A /* XCRemoteSwiftPackageReference "swift-markdown-ui" */;
			productName = MarkdownUI;
		};
		D7879C7F08755EA0D8EF593C /* HotKey */ = {
			isa = XCSwiftPackageProductDependency;
			package = 2E1AFAAD40D2A8AA1DE220B3 /* XCRemoteSwiftPackageReference "HotKey" */;
			productName = HotKey;
		};
/* End XCSwiftPackageProductDependency section */
	};
	rootObject = DBA3154E51E3A47D319FD2C9 /* Project object */;
}
